
Microsoft Visual Studio Solution File, Format Version 12.00
# Visual Studio Version 16
VisualStudioVersion = 16.0.29519.87
MinimumVisualStudioVersion = 10.0.40219.1
Project("{FAE04EC0-301F-11D3-BF4B-00C04F79EFBC}") = "ConsoleApp10", "ConsoleApp10.csproj", "{B6AD3C6A-9FEF-47B3-BF68-574B5B5908CB}"
EndProject
Global
	GlobalSection(SolutionConfigurationPlatforms) = preSolution
		Debug|Any CPU = Debug|Any CPU
		Release|Any CPU = Release|Any CPU
	EndGlobalSection
	GlobalSection(ProjectConfigurationPlatforms) = postSolution
		{B6AD3C6A-9FEF-47B3-BF68-574B5B5908CB}.Debug|Any CPU.ActiveCfg = Debug|Any CPU
		{B6AD3C6A-9FEF-47B3-BF68-574B5B5908CB}.Debug|Any CPU.Build.0 = Debug|Any CPU
		{B6AD3C6A-9FEF-47B3-BF68-574B5B5908CB}.Release|Any CPU.ActiveCfg = Release|Any CPU
		{B6AD3C6A-9FEF-47B3-BF68-574B5B5908CB}.Release|Any CPU.Build.0 = Release|Any CPU
	EndGlobalSection
	GlobalSection(SolutionProperties) = preSolution
		HideSolutionNode = FALSE
	EndGlobalSection
	GlobalSection(ExtensibilityGlobals) = postSolution
		SolutionGuid = {6947BEA8-1383-493A-AFA4-86D14BC415FA}
	EndGlobalSection
EndGlobal
